// !$*UTF8*$!
{
	archiveVersion = 1;
	classes = {
	};
	objectVersion = 46;
	objects = {

/* Begin PBXBuildFile section */
		B2CBA3A51F17C6D90048E880 /* AppDelegate.swift in Sources */ = {isa = PBXBuildFile; fileRef = B2CBA3A41F17C6D90048E880 /* AppDelegate.swift */; };
		B2CBA3A71F17C6D90048E880 /* ViewController.swift in Sources */ = {isa = PBXBuildFile; fileRef = B2CBA3A61F17C6D90048E880 /* ViewController.swift */; };
		B2CBA3AA1F17C6D90048E880 /* Main.storyboard in Resources */ = {isa = PBXBuildFile; fileRef = B2CBA3A81F17C6D90048E880 /* Main.storyboard */; };
		B2CBA3AC1F17C6D90048E880 /* Assets.xcassets in Resources */ = {isa = PBXBuildFile; fileRef = B2CBA3AB1F17C6D90048E880 /* Assets.xcassets */; };
		B2CBA3AF1F17C6D90048E880 /* LaunchScreen.storyboard in Resources */ = {isa = PBXBuildFile; fileRef = B2CBA3AD1F17C6D90048E880 /* LaunchScreen.storyboard */; };
/* End PBXBuildFile section */

/* Begin PBXFileReference section */
		B2CBA3A11F17C6D90048E880 /* TextFieldDelegate.app */ = {isa = PBXFileReference; explicitFileType = wrapper.application; includeInIndex = 0; path = TextFieldDelegate.app; sourceTree = BUILT_PRODUCTS_DIR; };
		B2CBA3A41F17C6D90048E880 /* AppDelegate.swift */ = {isa = PBXFileReference; lastKnownFileType = sourcecode.swift; path = AppDelegate.swift; sourceTree = "<group>"; };
		B2CBA3A61F17C6D90048E880 /* ViewController.swift */ = {isa = PBXFileReference; lastKnownFileType = sourcecode.swift; path = ViewController.swift; sourceTree = "<group>"; };
		B2CBA3A91F17C6D90048E880 /* Base */ = {isa = PBXFileReference; lastKnownFileType = file.storyboard; name = Base; path = Base.lproj/Main.storyboard; sourceTree = "<group>"; };
		B2CBA3AB1F17C6D90048E880 /* Assets.xcassets */ = {isa = PBXFileReference; lastKnownFileType = folder.assetcatalog; path = Assets.xcassets; sourceTree = "<group>"; };
		B2CBA3AE1F17C6D90048E880 /* Base */ = {isa = PBXFileReference; lastKnownFileType = file.storyboard; name = Base; path = Base.lproj/LaunchScreen.storyboard; sourceTree = "<group>"; };
		B2CBA3B01F17C6D90048E880 /* Info.plist */ = {isa = PBXFileReference; lastKnownFileType = text.plist.xml; path = Info.plist; sourceTree = "<group>"; };
/* End PBXFileReference section */

/* Begin PBXFrameworksBuildPhase section */
		B2CBA39E1F17C6D90048E880 /* Frameworks */ = {
			isa = PBXFrameworksBuildPhase;
			buildActionMask = 2147483647;
			files = (
			);
			runOnlyForDeploymentPostprocessing = 0;
		};
/* End PBXFrameworksBuildPhase section */

/* Begin PBXGroup section */
		B2CBA3981F17C6D80048E880 = {
			isa = PBXGroup;
			children = (
				B2CBA3A31F17C6D90048E880 /* TextFieldDelegate */,
				B2CBA3A21F17C6D90048E880 /* Products */,
			);
			sourceTree = "<group>";
		};
		B2CBA3A21F17C6D90048E880 /* Products */ = {
			isa = PBXGroup;
			children = (
				B2CBA3A11F17C6D90048E880 /* TextFieldDelegate.app */,
			);
			name = Products;
			sourceTree = "<group>";
		};
		B2CBA3A31F17C6D90048E880 /* TextFieldDelegate */ = {
			isa = PBXGroup;
			children = (
				B2CBA3A41F17C6D90048E880 /* AppDelegate.swift */,
				B2CBA3A61F17C6D90048E880 /* ViewController.swift */,
				B2CBA3A81F17C6D90048E880 /* Main.storyboard */,
				B2CBA3AB1F17C6D90048E880 /* Assets.xcassets */,
				B2CBA3AD1F17C6D90048E880 /* LaunchScreen.storyboard */,
				B2CBA3B01F17C6D90048E880 /* Info.plist */,
			);
			path = TextFieldDelegate;
			sourceTree = "<group>";
		};
/* End PBXGroup section */

/* Begin PBXNativeTarget section */
		B2CBA3A01F17C6D90048E880 /* TextFieldDelegate */ = {
			isa = PBXNativeTarget;
			buildConfigurationList = B2CBA3B31F17C6D90048E880 /* Build configuration list for PBXNativeTarget "TextFieldDelegate" */;
			buildPhases = (
				B2CBA39D1F17C6D90048E880 /* Sources */,
				B2CBA39E1F17C6D90048E880 /* Frameworks */,
				B2CBA39F1F17C6D90048E880 /* Resources */,
			);
			buildRules = (
			);
			dependencies = (
			);
			name = TextFieldDelegate;
			productName = TextFieldDelegate;
			productReference = B2CBA3A11F17C6D90048E880 /* TextFieldDelegate.app */;
			productType = "com.apple.product-type.application";
		};
/* End PBXNativeTarget section */

/* Begin PBXProject section */
		B2CBA3991F17C6D80048E880 /* Project object */ = {
			isa = PBXProject;
			attributes = {
				LastSwiftUpdateCheck = 0830;
				LastUpgradeCheck = 0830;
				ORGANIZATIONNAME = com.hackeru;
				TargetAttributes = {
					B2CBA3A01F17C6D90048E880 = {
						CreatedOnToolsVersion = 8.3.3;
						ProvisioningStyle = Automatic;
					};
				};
			};
			buildConfigurationList = B2CBA39C1F17C6D80048E880 /* Build configuration list for PBXProject "TextFieldDelegate" */;
			compatibilityVersion = "Xcode 3.2";
			developmentRegion = English;
			hasScannedForEncodings = 0;
			knownRegions = (
				en,
				Base,
			);
			mainGroup = B2CBA3981F17C6D80048E880;
			productRefGroup = B2CBA3A21F17C6D90048E880 /* Products */;
			projectDirPath = "";
			projectRoot = "";
			targets = (
				B2CBA3A01F17C6D90048E880 /* TextFieldDelegate */,
			);
		};
/* End PBXProject section */

/* Begin PBXResourcesBuildPhase section */
		B2CBA39F1F17C6D90048E880 /* Resources */ = {
			isa = PBXResourcesBuildPhase;
			buildActionMask = 2147483647;
			files = (
				B2CBA3AF1F17C6D90048E880 /* LaunchScreen.storyboard in Resources */,
				B2CBA3AC1F17C6D90048E880 /* Assets.xcassets in Resources */,
				B2CBA3AA1F17C6D90048E880 /* Main.storyboard in Resources */,
			);
			runOnlyForDeploymentPostprocessing = 0;
		};
/* End PBXResourcesBuildPhase section */

/* Begin PBXSourcesBuildPhase section */
		B2CBA39D1F17C6D90048E880 /* Sources */ = {
			isa = PBXSourcesBuildPhase;
			buildActionMask = 2147483647;
			files = (
				B2CBA3A71F17C6D90048E880 /* ViewController.swift in Sources */,
				B2CBA3A51F17C6D90048E880 /* AppDelegate.swift in Sources */,
			);
			runOnlyForDeploymentPostprocessing = 0;
		};
/* End PBXSourcesBuildPhase section */

/* Begin PBXVariantGroup section */
		B2CBA3A81F17C6D90048E880 /* Main.storyboard */ = {
			isa = PBXVariantGroup;
			children = (
				B2CBA3A91F17C6D90048E880 /* Base */,
			);
			name = Main.storyboard;
			sourceTree = "<group>";
		};
		B2CBA3AD1F17C6D90048E880 /* LaunchScreen.storyboard */ = {
			isa = PBXVariantGroup;
			children = (
				B2CBA3AE1F17C6D90048E880 /* Base */,
			);
			name = LaunchScreen.storyboard;
			sourceTree = "<group>";
		};
/* End PBXVariantGroup section */

/* Begin XCBuildConfiguration section */
		B2CBA3B11F17C6D90048E880 /* Debug */ = {
			isa = XCBuildConfiguration;
			buildSettings = {
				ALWAYS_SEARCH_USER_PATHS = NO;
				CLANG_ANALYZER_NONNULL = YES;
				CLANG_ANALYZER_NUMBER_OBJECT_CONVERSION = YES_AGGRESSIVE;
				CLANG_CXX_LANGUAGE_STANDARD = "gnu++0x";
				CLANG_CXX_LIBRARY = "libc++";
				CLANG_ENABLE_MODULES = YES;
				CLANG_ENABLE_OBJC_ARC = YES;
				CLANG_WARN_BOOL_CONVERSION = YES;
				CLANG_WARN_CONSTANT_CONVERSION = YES;
				CLANG_WARN_DIRECT_OBJC_ISA_USAGE = YES_ERROR;
				CLANG_WARN_DOCUMENTATION_COMMENTS = YES;
				CLANG_WARN_EMPTY_BODY = YES;
				CLANG_WARN_ENUM_CONVERSION = YES;
				CLANG_WARN_INFINITE_RECURSION = YES;
				CLANG_WARN_INT_CONVERSION = YES;
				CLANG_WARN_OBJC_ROOT_CLASS = YES_ERROR;
				CLANG_WARN_SUSPICIOUS_MOVE = YES;
				CLANG_WARN_UNREACHABLE_CODE = YES;
				CLANG_WARN__DUPLICATE_METHOD_MATCH = YES;
				"CODE_SIGN_IDENTITY[sdk=iphoneos*]" = "iPhone Developer";
				COPY_PHASE_STRIP = NO;
				DEBUG_INFORMATION_FORMAT = dwarf;
				ENABLE_STRICT_OBJC_MSGSEND = YES;
				ENABLE_TESTABILITY = YES;
				GCC_C_LANGUAGE_STANDARD = gnu99;
				GCC_DYNAMIC_NO_PIC = NO;
				GCC_NO_COMMON_BLOCKS = YES;
				GCC_OPTIMIZATION_LEVEL = 0;
				GCC_PREPROCESSOR_DEFINITIONS = (
					"DEBUG=1",
					"$(inherited)",
				);
				GCC_WARN_64_TO_32_BIT_CONVERSION = YES;
				GCC_WARN_ABOUT_RETURN_TYPE = YES_ERROR;
				GCC_WARN_UNDECLARED_SELECTOR = YES;
				GCC_WARN_UNINITIALIZED_AUTOS = YES_AGGRESSIVE;
				GCC_WARN_UNUSED_FUNCTION = YES;
				GCC_WARN_UNUSED_VARIABLE = YES;
				IPHONEOS_DEPLOYMENT_TARGET = 10.3;
				MTL_ENABLE_DEBUG_INFO = YES;
				ONLY_ACTIVE_ARCH = YES;
				SDKROOT = iphoneos;
				SWIFT_ACTIVE_COMPILATION_CONDITIONS = DEBUG;
				SWIFT_OPTIMIZATION_LEVEL = "-Onone";
			};
			name = Debug;
		};
		B2CBA3B21F17C6D90048E880 /* Release */ = {
			isa = XCBuildConfiguration;
			buildSettings = {
				ALWAYS_SEARCH_USER_PATHS = NO;
				CLANG_ANALYZER_NONNULL = YES;
				CLANG_ANALYZER_NUMBER_OBJECT_CONVERSION = YES_AGGRESSIVE;
				CLANG_CXX_LANGUAGE_STANDARD = "gnu++0x";
				CLANG_CXX_LIBRARY = "libc++";
				CLANG_ENABLE_MODULES = YES;
				CLANG_ENABLE_OBJC_ARC = YES;
				CLANG_WARN_BOOL_CONVERSION = YES;
				CLANG_WARN_CONSTANT_CONVERSION = YES;
				CLANG_WARN_DIRECT_OBJC_ISA_USAGE = YES_ERROR;
				CLANG_WARN_DOCUMENTATION_COMMENTS = YES;
				CLANG_WARN_EMPTY_BODY = YES;
				CLANG_WARN_ENUM_CONVERSION = YES;
				CLANG_WARN_INFINITE_RECURSION = YES;
				CLANG_WARN_INT_CONVERSION = YES;
				CLANG_WARN_OBJC_ROOT_CLASS = YES_ERROR;
				CLANG_WARN_SUSPICIOUS_MOVE = YES;
				CLANG_WARN_UNREACHABLE_CODE = YES;
				CLANG_WARN__DUPLICATE_METHOD_MATCH = YES;
				"CODE_SIGN_IDENTITY[sdk=iphoneos*]" = "iPhone Developer";
				COPY_PHASE_STRIP = NO;
				DEBUG_INFORMATION_FORMAT = "dwarf-with-dsym";
				ENABLE_NS_ASSERTIONS = NO;
				ENABLE_STRICT_OBJC_MSGSEND = YES;
				GCC_C_LANGUAGE_STANDARD = gnu99;
				GCC_NO_COMMON_BLOCKS = YES;
				GCC_WARN_64_TO_32_BIT_CONVERSION = YES;
				GCC_WARN_ABOUT_RETURN_TYPE = YES_ERROR;
				GCC_WARN_UNDECLARED_SELECTOR = YES;
				GCC_WARN_UNINITIALIZED_AUTOS = YES_AGGRESSIVE;
				GCC_WARN_UNUSED_FUNCTION = YES;
				GCC_WARN_UNUSED_VARIABLE = YES;
				IPHONEOS_DEPLOYMENT_TARGET = 10.3;
				MTL_ENABLE_DEBUG_INFO = NO;
				SDKROOT = iphoneos;
				SWIFT_OPTIMIZATION_LEVEL = "-Owholemodule";
				VALIDATE_PRODUCT = YES;
			};
			name = Release;
		};
		B2CBA3B41F17C6D90048E880 /* Debug */ = {
			isa = XCBuildConfiguration;
			buildSettings = {
				ASSETCATALOG_COMPILER_APPICON_NAME = AppIcon;
				INFOPLIST_FILE = TextFieldDelegate/Info.plist;
				LD_RUNPATH_SEARCH_PATHS = "$(inherited) @executable_path/Frameworks";
				PRODUCT_BUNDLE_IDENTIFIER = com.hackeru.TextFieldDelegate;
				PRODUCT_NAME = "$(TARGET_NAME)";
				SWIFT_VERSION = 3.0;
			};
			name = Debug;
		};
		B2CBA3B51F17C6D90048E880 /* Release */ = {
			isa = XCBuildConfiguration;
			buildSettings = {
				ASSETCATALOG_COMPILER_APPICON_NAME = AppIcon;
				INFOPLIST_FILE = TextFieldDelegate/Info.plist;
				LD_RUNPATH_SEARCH_PATHS = "$(inherited) @executable_path/Frameworks";
				PRODUCT_BUNDLE_IDENTIFIER = com.hackeru.TextFieldDelegate;
				PRODUCT_NAME = "$(TARGET_NAME)";
				SWIFT_VERSION = 3.0;
			};
			name = Release;
		};
/* End XCBuildConfiguration section */

/* Begin XCConfigurationList section */
		B2CBA39C1F17C6D80048E880 /* Build configuration list for PBXProject "TextFieldDelegate" */ = {
			isa = XCConfigurationList;
			buildConfigurations = (
				B2CBA3B11F17C6D90048E880 /* Debug */,
				B2CBA3B21F17C6D90048E880 /* Release */,
			);
			defaultConfigurationIsVisible = 0;
			defaultConfigurationName = Release;
		};
		B2CBA3B31F17C6D90048E880 /* Build configuration list for PBXNativeTarget "TextFieldDelegate" */ = {
			isa = XCConfigurationList;
			buildConfigurations = (
				B2CBA3B41F17C6D90048E880 /* Debug */,
				B2CBA3B51F17C6D90048E880 /* Release */,
			);
			defaultConfigurationIsVisible = 0;
		};
/* End XCConfigurationList section */
	};
	rootObject = B2CBA3991F17C6D80048E880 /* Project object */;
}
